{"format_version":"1.1","terraform_version":"1.4.6","variables":{"App_instance_count":{"value":2},"Instance_count_per_subnet":{"value":1},"Subnet_count":{"value":2},"availability_zones":{"value":["us-east-1a","us-east-1b","us-east-1c","us-east-1d"]},"aws_region":{"value":"us-east-1"},"infrastructure_version":{"value":"1"},"instance_type":{"value":"t2.micro"},"profile":{"value":"default"}},"planned_values":{"root_module":{"resources":[{"address":"aws_autoscaling_attachment.asa_asg_web","mode":"managed","type":"aws_autoscaling_attachment","name":"asa_asg_web","provider_name":"registry.terraform.io/hashicorp/aws","schema_version":0,"values":{"elb":null},"sensitive_values":{}},{"address":"aws_autoscaling_group.asg_web_inst","mode":"managed","type":"aws_autoscaling_group","name":"asg_web_inst","provider_name":"registry.terraform.io/hashicorp/aws","schema_version":1,"values":{"capacity_rebalance":null,"context":null,"default_instance_warmup":null,"desired_capacity":2,"desired_capacity_type":null,"enabled_metrics":null,"force_delete":true,"force_delete_warm_pool":false,"health_check_grace_period":300,"health_check_type":"ELB","ignore_failed_scaling_activities":false,"initial_lifecycle_hook":[],"instance_refresh":[],"launch_template":[],"max_instance_lifetime":null,"max_size":4,"metrics_granularity":"1Minute","min_elb_capacity":null,"min_size":2,"mixed_instances_policy":[],"name":"asg-Three-Tier-web-inst","placement_group":null,"protect_from_scale_in":false,"suspended_processes":null,"tag":[{"key":"Name","propagate_at_launch":true,"value":"Web-Server"}],"termination_policies":null,"timeouts":null,"wait_for_capacity_timeout":"10m","wait_for_elb_capacity":null,"warm_pool":[]},"sensitive_values":{"availability_zones":[],"initial_lifecycle_hook":[],"instance_refresh":[],"launch_template":[],"load_balancers":[],"mixed_instances_policy":[],"tag":[{}],"target_group_arns":[],"traffic_source":[],"vpc_zone_identifier":[],"warm_pool":[]}},{"address":"aws_autoscaling_policy.asp_scale_in_web_inst","mode":"managed","type":"aws_autoscaling_policy","name":"asp_scale_in_web_inst","provider_name":"registry.terraform.io/hashicorp/aws","schema_version":0,"values":{"adjustment_type":"ChangeInCapacity","autoscaling_group_name":"asg-Three-Tier-web-inst","cooldown":null,"enabled":true,"estimated_instance_warmup":null,"min_adjustment_magnitude":null,"name":"asp_scale_in_web_inst","policy_type":"StepScaling","predictive_scaling_configuration":[],"scaling_adjustment":null,"step_adjustment":[{"metric_interval_lower_bound":"","metric_interval_upper_bound":"-1","scaling_adjustment":-1}],"target_tracking_configuration":[]},"sensitive_values":{"predictive_scaling_configuration":[],"step_adjustment":[{}],"target_tracking_configuration":[]}},{"address":"aws_autoscaling_policy.asp_scale_out_web_inst","mode":"managed","type":"aws_autoscaling_policy","name":"asp_scale_out_web_inst","provider_name":"registry.terraform.io/hashicorp/aws","schema_version":0,"values":{"adjustment_type":"ChangeInCapacity","autoscaling_group_name":"asg-Three-Tier-web-inst","cooldown":null,"enabled":true,"estimated_instance_warmup":null,"min_adjustment_magnitude":null,"name":"asp_scale_out_web_inst","policy_type":"StepScaling","predictive_scaling_configuration":[],"scaling_adjustment":null,"step_adjustment":[{"metric_interval_lower_bound":"1","metric_interval_upper_bound":"","scaling_adjustment":1}],"target_tracking_configuration":[]},"sensitive_values":{"predictive_scaling_configuration":[],"step_adjustment":[{}],"target_tracking_configuration":[]}},{"address":"aws_cloudwatch_metric_alarm.cw_scale_in_web_inst","mode":"managed","type":"aws_cloudwatch_metric_alarm","name":"cw_scale_in_web_inst","provider_name":"registry.terraform.io/hashicorp/aws","schema_version":1,"values":{"actions_enabled":true,"alarm_description":"This metric is to scale-in according to ec2 cpu utilization","alarm_name":"scale-in","comparison_operator":"LessThanOrEqualToThreshold","datapoints_to_alarm":null,"dimensions":{"AutoScalingGroupName":"asg-Three-Tier-web-inst"},"evaluation_periods":2,"extended_statistic":null,"insufficient_data_actions":null,"metric_name":"CPUUtilization","metric_query":[],"namespace":"AWS/EC2","ok_actions":null,"period":60,"statistic":"Average","tags":null,"threshold":30,"threshold_metric_id":null,"treat_missing_data":"missing","unit":null},"sensitive_values":{"alarm_actions":[],"dimensions":{},"metric_query":[],"tags_all":{}}},{"address":"aws_cloudwatch_metric_alarm.cw_scale_out_web_inst","mode":"managed","type":"aws_cloudwatch_metric_alarm","name":"cw_scale_out_web_inst","provider_name":"registry.terraform.io/hashicorp/aws","schema_version":1,"values":{"actions_enabled":true,"alarm_description":"This metric is to scale-out according to ec2 cpu utilization","alarm_name":"scale-out","comparison_operator":"GreaterThanThreshold","datapoints_to_alarm":null,"dimensions":{"AutoScalingGroupName":"asg-Three-Tier-web-inst"},"evaluation_periods":2,"extended_statistic":null,"insufficient_data_actions":null,"metric_name":"CPUUtilization","metric_query":[],"namespace":"AWS/EC2","ok_actions":null,"period":60,"statistic":"Average","tags":null,"threshold":70,"threshold_metric_id":null,"treat_missing_data":"missing","unit":null},"sensitive_values":{"alarm_actions":[],"dimensions":{},"metric_query":[],"tags_all":{}}},{"address":"aws_eip.elasticIP","mode":"managed","type":"aws_eip","name":"elasticIP","provider_name":"registry.terraform.io/hashicorp/aws","schema_version":0,"values":{"address":null,"associate_with_private_ip":null,"customer_owned_ipv4_pool":null,"domain":"vpc","tags":{"Name":"NAT gw EIP"},"tags_all":{"Name":"NAT gw EIP"},"timeouts":null},"sensitive_values":{"tags":{},"tags_all":{}}},{"address":"aws_instance.App_Server[0]","mode":"managed","type":"aws_instance","name":"App_Server","index":0,"provider_name":"registry.terraform.io/hashicorp/aws","schema_version":1,"values":{"ami":"ami-0d887a308369b6881","credit_specification":[],"get_password_data":false,"hibernation":null,"instance_type":"t2.micro","key_name":"key-needed","launch_template":[],"source_dest_check":true,"tags":{"InfrastructureVersion":"1","Name":"AppServer 1 (v1)"},"tags_all":{"InfrastructureVersion":"1","Name":"AppServer 1 (v1)"},"timeouts":null,"user_data":"1986e8f80b0b076d95b1d53fc71455e09f4d3d44","user_data_replace_on_change":false,"volume_tags":null},"sensitive_values":{"capacity_reservation_specification":[],"cpu_options":[],"credit_specification":[],"ebs_block_device":[],"enclave_options":[],"ephemeral_block_device":[],"instance_market_options":[],"ipv6_addresses":[],"launch_template":[],"maintenance_options":[],"metadata_options":[],"network_interface":[],"private_dns_name_options":[],"root_block_device":[],"secondary_private_ips":[],"security_groups":[],"tags":{},"tags_all":{},"vpc_security_group_ids":[]}},{"address":"aws_instance.App_Server[1]","mode":"managed","type":"aws_instance","name":"App_Server","index":1,"provider_name":"registry.terraform.io/hashicorp/aws","schema_version":1,"values":{"ami":"ami-0d887a308369b6881","credit_specification":[],"get_password_data":false,"hibernation":null,"instance_type":"t2.micro","key_name":"key-needed","launch_template":[],"source_dest_check":true,"tags":{"InfrastructureVersion":"1","Name":"AppServer 2 (v1)"},"tags_all":{"InfrastructureVersion":"1","Name":"AppServer 2 (v1)"},"timeouts":null,"user_data":"7a9c3a1248151f0b703e59b9f97ae3d2140fd463","user_data_replace_on_change":false,"volume_tags":null},"sensitive_values":{"capacity_reservation_specification":[],"cpu_options":[],"credit_specification":[],"ebs_block_device":[],"enclave_options":[],"ephemeral_block_device":[],"instance_market_options":[],"ipv6_addresses":[],"launch_template":[],"maintenance_options":[],"metadata_options":[],"network_interface":[],"private_dns_name_options":[],"root_block_device":[],"secondary_private_ips":[],"security_groups":[],"tags":{},"tags_all":{},"vpc_security_group_ids":[]}},{"address":"aws_internet_gateway.Website-deployment","mode":"managed","type":"aws_internet_gateway","name":"Website-deployment","provider_name":"registry.terraform.io/hashicorp/aws","schema_version":0,"values":{"tags":{"Name":"Website-deployment  (v1"},"tags_all":{"Name":"Website-deployment  (v1"},"timeouts":null},"sensitive_values":{"tags":{},"tags_all":{}}},{"address":"aws_launch_configuration.lc_asg_web","mode":"managed","type":"aws_launch_configuration","name":"lc_asg_web","provider_name":"registry.terraform.io/hashicorp/aws","schema_version":0,"values":{"enable_monitoring":true,"ephemeral_block_device":[],"iam_instance_profile":null,"image_id":"ami-0d887a308369b6881","instance_type":"t2.micro","key_name":"key-needed","name_prefix":"lc-Three-Tier","placement_tenancy":null,"spot_price":null,"user_data":"3ef62907bfb4d1b7571d5134e8a2d149d5e79723","user_data_base64":null},"sensitive_values":{"ebs_block_device":[],"ephemeral_block_device":[],"metadata_options":[],"root_block_device":[],"security_groups":[]}},{"address":"aws_lb.LB_Web_App","mode":"managed","type":"aws_lb","name":"LB_Web_App","provider_name":"registry.terraform.io/hashicorp/aws","schema_version":0,"values":{"access_logs":[],"customer_owned_ipv4_pool":null,"desync_mitigation_mode":"defensive","drop_invalid_header_fields":false,"enable_cross_zone_load_balancing":null,"enable_deletion_protection":false,"enable_http2":true,"enable_tls_version_and_cipher_suite_headers":false,"enable_waf_fail_open":false,"enable_xff_client_port":false,"idle_timeout":60,"internal":false,"load_balancer_type":"application","name":"LbWebApp","name_prefix":null,"preserve_host_header":false,"tags":{"Environment":"production"},"tags_all":{"Environment":"production"},"timeouts":null,"xff_header_processing_mode":"append"},"sensitive_values":{"access_logs":[],"security_groups":[],"subnet_mapping":[],"subnets":[],"tags":{},"tags_all":{}}},{"address":"aws_lb_listener.LB_Web_App","mode":"managed","type":"aws_lb_listener","name":"LB_Web_App","provider_name":"registry.terraform.io/hashicorp/aws","schema_version":0,"values":{"alpn_policy":null,"certificate_arn":null,"default_action":[{"authenticate_cognito":[],"authenticate_oidc":[],"fixed_response":[],"forward":[],"redirect":[],"type":"forward"}],"port":80,"protocol":"HTTP","tags":null,"timeouts":null},"sensitive_values":{"default_action":[{"authenticate_cognito":[],"authenticate_oidc":[],"fixed_response":[],"forward":[],"redirect":[]}],"tags_all":{}}},{"address":"aws_lb_target_group.Lb_target_group","mode":"managed","type":"aws_lb_target_group","name":"Lb_target_group","provider_name":"registry.terraform.io/hashicorp/aws","schema_version":0,"values":{"connection_termination":false,"deregistration_delay":"300","health_check":[{"enabled":true,"healthy_threshold":2,"interval":10,"port":"80","protocol":"HTTP","timeout":5,"unhealthy_threshold":2}],"lambda_multi_value_headers_enabled":false,"name":"Lb-target-group-v1","name_prefix":null,"port":80,"protocol":"HTTP","proxy_protocol_v2":false,"slow_start":0,"tags":null,"target_type":"instance"},"sensitive_values":{"health_check":[{}],"stickiness":[],"tags_all":{},"target_failover":[]}},{"address":"aws_nat_gateway.NATgw","mode":"managed","type":"aws_nat_gateway","name":"NATgw","provider_name":"registry.terraform.io/hashicorp/aws","schema_version":0,"values":{"connectivity_type":"public","secondary_allocation_ids":null,"tags":{"Name":"NAT gw"},"tags_all":{"Name":"NAT gw"},"timeouts":null},"sensitive_values":{"secondary_private_ip_addresses":[],"tags":{},"tags_all":{}}},{"address":"aws_route_table.NATgw","mode":"managed","type":"aws_route_table","name":"NATgw","provider_name":"registry.terraform.io/hashicorp/aws","schema_version":0,"values":{"route":[{"carrier_gateway_id":"","cidr_block":"0.0.0.0/0","core_network_arn":"","destination_prefix_list_id":"","egress_only_gateway_id":"","gateway_id":"","ipv6_cidr_block":"","local_gateway_id":"","network_interface_id":"","transit_gateway_id":"","vpc_endpoint_id":"","vpc_peering_connection_id":""}],"tags":{"Name":"NATgw  (v1)"},"tags_all":{"Name":"NATgw  (v1)"},"timeouts":null},"sensitive_values":{"propagating_vgws":[],"route":[{}],"tags":{},"tags_all":{}}},{"address":"aws_route_table.Website-deployment-main","mode":"managed","type":"aws_route_table","name":"Website-deployment-main","provider_name":"registry.terraform.io/hashicorp/aws","schema_version":0,"values":{"route":[{"carrier_gateway_id":"","cidr_block":"0.0.0.0/0","core_network_arn":"","destination_prefix_list_id":"","egress_only_gateway_id":"","ipv6_cidr_block":"","local_gateway_id":"","nat_gateway_id":"","network_interface_id":"","transit_gateway_id":"","vpc_endpoint_id":"","vpc_peering_connection_id":""}],"tags":{"Name":"Website-deployment-main  (v1)"},"tags_all":{"Name":"Website-deployment-main  (v1)"},"timeouts":null},"sensitive_values":{"propagating_vgws":[],"route":[{}],"tags":{},"tags_all":{}}},{"address":"aws_route_table.Website-deployment-private","mode":"managed","type":"aws_route_table","name":"Website-deployment-private","provider_name":"registry.terraform.io/hashicorp/aws","schema_version":0,"values":{"tags":{"Name":"Website-deployment-private  (v1)"},"tags_all":{"Name":"Website-deployment-private  (v1)"},"timeouts":null},"sensitive_values":{"propagating_vgws":[],"route":[],"tags":{},"tags_all":{}}},{"address":"aws_route_table_association.NATgw[0]","mode":"managed","type":"aws_route_table_association","name":"NATgw","index":0,"provider_name":"registry.terraform.io/hashicorp/aws","schema_version":0,"values":{"gateway_id":null,"timeouts":null},"sensitive_values":{}},{"address":"aws_route_table_association.NATgw[1]","mode":"managed","type":"aws_route_table_association","name":"NATgw","index":1,"provider_name":"registry.terraform.io/hashicorp/aws","schema_version":0,"values":{"gateway_id":null,"timeouts":null},"sensitive_values":{}},{"address":"aws_route_table_association.Website-deployment-main[0]","mode":"managed","type":"aws_route_table_association","name":"Website-deployment-main","index":0,"provider_name":"registry.terraform.io/hashicorp/aws","schema_version":0,"values":{"gateway_id":null,"timeouts":null},"sensitive_values":{}},{"address":"aws_route_table_association.Website-deployment-main[1]","mode":"managed","type":"aws_route_table_association","name":"Website-deployment-main","index":1,"provider_name":"registry.terraform.io/hashicorp/aws","schema_version":0,"values":{"gateway_id":null,"timeouts":null},"sensitive_values":{}},{"address":"aws_security_group.Website-deployment-AppServer","mode":"managed","type":"aws_security_group","name":"Website-deployment-AppServer","provider_name":"registry.terraform.io/hashicorp/aws","schema_version":1,"values":{"description":"Website-deployment-AppServer","name":"Website-deployment-AppServer (v1)","revoke_rules_on_delete":false,"tags":{"Name":"Website-deployment-AppServer (v1)"},"tags_all":{"Name":"Website-deployment-AppServer (v1)"},"timeouts":null},"sensitive_values":{"egress":[],"ingress":[],"tags":{},"tags_all":{}}},{"address":"aws_security_group.Website-deployment-RDS","mode":"managed","type":"aws_security_group","name":"Website-deployment-RDS","provider_name":"registry.terraform.io/hashicorp/aws","schema_version":1,"values":{"description":"Website-deployment-RDS","name":"Website-deployment-RDS (v1)","revoke_rules_on_delete":false,"tags":{"Name":"Website-deployment-RDS (v1)"},"tags_all":{"Name":"Website-deployment-RDS (v1)"},"timeouts":null},"sensitive_values":{"egress":[],"ingress":[],"tags":{},"tags_all":{}}},{"address":"aws_security_group.Website-deployment-WebServer","mode":"managed","type":"aws_security_group","name":"Website-deployment-WebServer","provider_name":"registry.terraform.io/hashicorp/aws","schema_version":1,"values":{"description":"Website-deployment-WebServer","name":"Website-deployment-WebServer (v1)","revoke_rules_on_delete":false,"tags":{"Name":"Website-deployment-WebServer (v1)"},"tags_all":{"Name":"Website-deployment-WebServer (v1)"},"timeouts":null},"sensitive_values":{"egress":[],"ingress":[],"tags":{},"tags_all":{}}},{"address":"aws_security_group.Website_deployment_LB","mode":"managed","type":"aws_security_group","name":"Website_deployment_LB","provider_name":"registry.terraform.io/hashicorp/aws","schema_version":1,"values":{"description":"Website_deployment_LB","name":"Website_deployment_LB (v1)","revoke_rules_on_delete":false,"tags":{"Name":"Website_deployment_LB (v1)"},"tags_all":{"Name":"Website_deployment_LB (v1)"},"timeouts":null},"sensitive_values":{"egress":[],"ingress":[],"tags":{},"tags_all":{}}},{"address":"aws_security_group_rule.Website-deployment-AppServer-inbound-allICMP","mode":"managed","type":"aws_security_group_rule","name":"Website-deployment-AppServer-inbound-allICMP","provider_name":"registry.terraform.io/hashicorp/aws","schema_version":2,"values":{"cidr_blocks":null,"description":null,"from_port":-1,"ipv6_cidr_blocks":null,"prefix_list_ids":null,"protocol":"icmp","self":false,"timeouts":null,"to_port":-1,"type":"ingress"},"sensitive_values":{}},{"address":"aws_security_group_rule.Website-deployment-AppServer-inbound-http","mode":"managed","type":"aws_security_group_rule","name":"Website-deployment-AppServer-inbound-http","provider_name":"registry.terraform.io/hashicorp/aws","schema_version":2,"values":{"cidr_blocks":null,"description":null,"from_port":80,"ipv6_cidr_blocks":null,"prefix_list_ids":null,"protocol":"tcp","self":false,"timeouts":null,"to_port":80,"type":"ingress"},"sensitive_values":{}},{"address":"aws_security_group_rule.Website-deployment-AppServer-inbound-https","mode":"managed","type":"aws_security_group_rule","name":"Website-deployment-AppServer-inbound-https","provider_name":"registry.terraform.io/hashicorp/aws","schema_version":2,"values":{"cidr_blocks":null,"description":null,"from_port":443,"ipv6_cidr_blocks":null,"prefix_list_ids":null,"protocol":"tcp","self":false,"timeouts":null,"to_port":443,"type":"ingress"},"sensitive_values":{}},{"address":"aws_security_group_rule.Website-deployment-AppServer-inbound-ssh","mode":"managed","type":"aws_security_group_rule","name":"Website-deployment-AppServer-inbound-ssh","provider_name":"registry.terraform.io/hashicorp/aws","schema_version":2,"values":{"cidr_blocks":null,"description":null,"from_port":22,"ipv6_cidr_blocks":null,"prefix_list_ids":null,"protocol":"tcp","self":false,"timeouts":null,"to_port":22,"type":"ingress"},"sensitive_values":{}},{"address":"aws_security_group_rule.Website-deployment-AppServer-outbound","mode":"managed","type":"aws_security_group_rule","name":"Website-deployment-AppServer-outbound","provider_name":"registry.terraform.io/hashicorp/aws","schema_version":2,"values":{"cidr_blocks":["0.0.0.0/0"],"description":null,"from_port":0,"ipv6_cidr_blocks":null,"prefix_list_ids":null,"protocol":"-1","self":false,"timeouts":null,"to_port":0,"type":"egress"},"sensitive_values":{"cidr_blocks":[false]}},{"address":"aws_security_group_rule.Website-deployment-RDS-inbound-mysql","mode":"managed","type":"aws_security_group_rule","name":"Website-deployment-RDS-inbound-mysql","provider_name":"registry.terraform.io/hashicorp/aws","schema_version":2,"values":{"cidr_blocks":null,"description":null,"from_port":3306,"ipv6_cidr_blocks":null,"prefix_list_ids":null,"protocol":"tcp","self":false,"timeouts":null,"to_port":3306,"type":"ingress"},"sensitive_values":{}},{"address":"aws_security_group_rule.Website-deployment-WebServer-inbound-http","mode":"managed","type":"aws_security_group_rule","name":"Website-deployment-WebServer-inbound-http","provider_name":"registry.terraform.io/hashicorp/aws","schema_version":2,"values":{"cidr_blocks":null,"description":null,"from_port":80,"ipv6_cidr_blocks":null,"prefix_list_ids":null,"protocol":"tcp","self":false,"timeouts":null,"to_port":80,"type":"ingress"},"sensitive_values":{}},{"address":"aws_security_group_rule.Website-deployment-WebServer-inbound-https","mode":"managed","type":"aws_security_group_rule","name":"Website-deployment-WebServer-inbound-https","provider_name":"registry.terraform.io/hashicorp/aws","schema_version":2,"values":{"cidr_blocks":null,"description":null,"from_port":443,"ipv6_cidr_blocks":null,"prefix_list_ids":null,"protocol":"tcp","self":false,"timeouts":null,"to_port":443,"type":"ingress"},"sensitive_values":{}},{"address":"aws_security_group_rule.Website-deployment-WebServer-inbound-ssh","mode":"managed","type":"aws_security_group_rule","name":"Website-deployment-WebServer-inbound-ssh","provider_name":"registry.terraform.io/hashicorp/aws","schema_version":2,"values":{"cidr_blocks":null,"description":null,"from_port":22,"ipv6_cidr_blocks":null,"prefix_list_ids":null,"protocol":"tcp","self":false,"timeouts":null,"to_port":22,"type":"ingress"},"sensitive_values":{}},{"address":"aws_security_group_rule.Website-deployment-WebServer-outbound","mode":"managed","type":"aws_security_group_rule","name":"Website-deployment-WebServer-outbound","provider_name":"registry.terraform.io/hashicorp/aws","schema_version":2,"values":{"cidr_blocks":["0.0.0.0/0"],"description":null,"from_port":0,"ipv6_cidr_blocks":null,"prefix_list_ids":null,"protocol":"-1","self":false,"timeouts":null,"to_port":0,"type":"egress"},"sensitive_values":{"cidr_blocks":[false]}},{"address":"aws_security_group_rule.Website_deployment_LB_inbound_http","mode":"managed","type":"aws_security_group_rule","name":"Website_deployment_LB_inbound_http","provider_name":"registry.terraform.io/hashicorp/aws","schema_version":2,"values":{"cidr_blocks":["0.0.0.0/0"],"description":null,"from_port":80,"ipv6_cidr_blocks":null,"prefix_list_ids":null,"protocol":"tcp","self":false,"timeouts":null,"to_port":80,"type":"ingress"},"sensitive_values":{"cidr_blocks":[false]}},{"address":"aws_security_group_rule.Website_deployment_LB_inbound_https","mode":"managed","type":"aws_security_group_rule","name":"Website_deployment_LB_inbound_https","provider_name":"registry.terraform.io/hashicorp/aws","schema_version":2,"values":{"cidr_blocks":["0.0.0.0/0"],"description":null,"from_port":443,"ipv6_cidr_blocks":null,"prefix_list_ids":null,"protocol":"tcp","self":false,"timeouts":null,"to_port":443,"type":"ingress"},"sensitive_values":{"cidr_blocks":[false]}},{"address":"aws_security_group_rule.Website_deployment_LB_inbound_ssh","mode":"managed","type":"aws_security_group_rule","name":"Website_deployment_LB_inbound_ssh","provider_name":"registry.terraform.io/hashicorp/aws","schema_version":2,"values":{"cidr_blocks":["0.0.0.0/0"],"description":null,"from_port":22,"ipv6_cidr_blocks":null,"prefix_list_ids":null,"protocol":"tcp","self":false,"timeouts":null,"to_port":22,"type":"ingress"},"sensitive_values":{"cidr_blocks":[false]}},{"address":"aws_security_group_rule.Website_deployment_LB_outound","mode":"managed","type":"aws_security_group_rule","name":"Website_deployment_LB_outound","provider_name":"registry.terraform.io/hashicorp/aws","schema_version":2,"values":{"cidr_blocks":["0.0.0.0/0"],"description":null,"from_port":0,"ipv6_cidr_blocks":null,"prefix_list_ids":null,"protocol":"-1","self":false,"timeouts":null,"to_port":0,"type":"egress"},"sensitive_values":{"cidr_blocks":[false]}},{"address":"aws_subnet.Website-deployment-private[0]","mode":"managed","type":"aws_subnet","name":"Website-deployment-private","index":0,"provider_name":"registry.terraform.io/hashicorp/aws","schema_version":1,"values":{"assign_ipv6_address_on_creation":false,"availability_zone":"us-east-1a","cidr_block":"10.0.3.0/24","customer_owned_ipv4_pool":null,"enable_dns64":false,"enable_lni_at_device_index":null,"enable_resource_name_dns_a_record_on_launch":false,"enable_resource_name_dns_aaaa_record_on_launch":false,"ipv6_cidr_block":null,"ipv6_native":false,"map_customer_owned_ip_on_launch":null,"map_public_ip_on_launch":false,"outpost_arn":null,"tags":{"Name":"Private_Subnet us-east-1a (v1)"},"tags_all":{"Name":"Private_Subnet us-east-1a (v1)"},"timeouts":null},"sensitive_values":{"tags":{},"tags_all":{}}},{"address":"aws_subnet.Website-deployment-private[1]","mode":"managed","type":"aws_subnet","name":"Website-deployment-private","index":1,"provider_name":"registry.terraform.io/hashicorp/aws","schema_version":1,"values":{"assign_ipv6_address_on_creation":false,"availability_zone":"us-east-1b","cidr_block":"10.0.4.0/24","customer_owned_ipv4_pool":null,"enable_dns64":false,"enable_lni_at_device_index":null,"enable_resource_name_dns_a_record_on_launch":false,"enable_resource_name_dns_aaaa_record_on_launch":false,"ipv6_cidr_block":null,"ipv6_native":false,"map_customer_owned_ip_on_launch":null,"map_public_ip_on_launch":false,"outpost_arn":null,"tags":{"Name":"Private_Subnet us-east-1b (v1)"},"tags_all":{"Name":"Private_Subnet us-east-1b (v1)"},"timeouts":null},"sensitive_values":{"tags":{},"tags_all":{}}},{"address":"aws_subnet.Website-deployment-public[0]","mode":"managed","type":"aws_subnet","name":"Website-deployment-public","index":0,"provider_name":"registry.terraform.io/hashicorp/aws","schema_version":1,"values":{"assign_ipv6_address_on_creation":false,"availability_zone":"us-east-1a","cidr_block":"10.0.1.0/24","customer_owned_ipv4_pool":null,"enable_dns64":false,"enable_lni_at_device_index":null,"enable_resource_name_dns_a_record_on_launch":false,"enable_resource_name_dns_aaaa_record_on_launch":false,"ipv6_cidr_block":null,"ipv6_native":false,"map_customer_owned_ip_on_launch":null,"map_public_ip_on_launch":true,"outpost_arn":null,"tags":{"Name":"Public_Subnet us-east-1a (v1)"},"tags_all":{"Name":"Public_Subnet us-east-1a (v1)"},"timeouts":null},"sensitive_values":{"tags":{},"tags_all":{}}},{"address":"aws_subnet.Website-deployment-public[1]","mode":"managed","type":"aws_subnet","name":"Website-deployment-public","index":1,"provider_name":"registry.terraform.io/hashicorp/aws","schema_version":1,"values":{"assign_ipv6_address_on_creation":false,"availability_zone":"us-east-1b","cidr_block":"10.0.2.0/24","customer_owned_ipv4_pool":null,"enable_dns64":false,"enable_lni_at_device_index":null,"enable_resource_name_dns_a_record_on_launch":false,"enable_resource_name_dns_aaaa_record_on_launch":false,"ipv6_cidr_block":null,"ipv6_native":false,"map_customer_owned_ip_on_launch":null,"map_public_ip_on_launch":true,"outpost_arn":null,"tags":{"Name":"Public_Subnet us-east-1b (v1)"},"tags_all":{"Name":"Public_Subnet us-east-1b (v1)"},"timeouts":null},"sensitive_values":{"tags":{},"tags_all":{}}},{"address":"aws_vpc.Website-deployment","mode":"managed","type":"aws_vpc","name":"Website-deployment","provider_name":"registry.terraform.io/hashicorp/aws","schema_version":1,"values":{"assign_generated_ipv6_cidr_block":null,"cidr_block":"10.0.0.0/16","enable_dns_hostnames":true,"enable_dns_support":true,"instance_tenancy":"default","ipv4_ipam_pool_id":null,"ipv4_netmask_length":null,"ipv6_ipam_pool_id":null,"ipv6_netmask_length":null,"tags":{"Name":"Website-deployment (v1)"},"tags_all":{"Name":"Website-deployment (v1)"}},"sensitive_values":{"tags":{},"tags_all":{}}}]}},"resource_changes":[{"address":"aws_autoscaling_attachment.asa_asg_web","mode":"managed","type":"aws_autoscaling_attachment","name":"asa_asg_web","provider_name":"registry.terraform.io/hashicorp/aws","change":{"actions":["create"],"before":null,"after":{"elb":null},"after_unknown":{"autoscaling_group_name":true,"id":true,"lb_target_group_arn":true},"before_sensitive":false,"after_sensitive":{}}},{"address":"aws_autoscaling_group.asg_web_inst","mode":"managed","type":"aws_autoscaling_group","name":"asg_web_inst","provider_name":"registry.terraform.io/hashicorp/aws","change":{"actions":["create"],"before":null,"after":{"capacity_rebalance":null,"context":null,"default_instance_warmup":null,"desired_capacity":2,"desired_capacity_type":null,"enabled_metrics":null,"force_delete":true,"force_delete_warm_pool":false,"health_check_grace_period":300,"health_check_type":"ELB","ignore_failed_scaling_activities":false,"initial_lifecycle_hook":[],"instance_refresh":[],"launch_template":[],"max_instance_lifetime":null,"max_size":4,"metrics_granularity":"1Minute","min_elb_capacity":null,"min_size":2,"mixed_instances_policy":[],"name":"asg-Three-Tier-web-inst","placement_group":null,"protect_from_scale_in":false,"suspended_processes":null,"tag":[{"key":"Name","propagate_at_launch":true,"value":"Web-Server"}],"termination_policies":null,"timeouts":null,"wait_for_capacity_timeout":"10m","wait_for_elb_capacity":null,"warm_pool":[]},"after_unknown":{"arn":true,"availability_zones":true,"default_cooldown":true,"id":true,"initial_lifecycle_hook":[],"instance_refresh":[],"launch_configuration":true,"launch_template":[],"load_balancers":true,"mixed_instances_policy":[],"name_prefix":true,"predicted_capacity":true,"service_linked_role_arn":true,"tag":[{}],"target_group_arns":true,"traffic_source":true,"vpc_zone_identifier":true,"warm_pool":[],"warm_pool_size":true},"before_sensitive":false,"after_sensitive":{"availability_zones":[],"initial_lifecycle_hook":[],"instance_refresh":[],"launch_template":[],"load_balancers":[],"mixed_instances_policy":[],"tag":[{}],"target_group_arns":[],"traffic_source":[],"vpc_zone_identifier":[],"warm_pool":[]}}},{"address":"aws_autoscaling_policy.asp_scale_in_web_inst","mode":"managed","type":"aws_autoscaling_policy","name":"asp_scale_in_web_inst","provider_name":"registry.terraform.io/hashicorp/aws","change":{"actions":["create"],"before":null,"after":{"adjustment_type":"ChangeInCapacity","autoscaling_group_name":"asg-Three-Tier-web-inst","cooldown":null,"enabled":true,"estimated_instance_warmup":null,"min_adjustment_magnitude":null,"name":"asp_scale_in_web_inst","policy_type":"StepScaling","predictive_scaling_configuration":[],"scaling_adjustment":null,"step_adjustment":[{"metric_interval_lower_bound":"","metric_interval_upper_bound":"-1","scaling_adjustment":-1}],"target_tracking_configuration":[]},"after_unknown":{"arn":true,"id":true,"metric_aggregation_type":true,"predictive_scaling_configuration":[],"step_adjustment":[{}],"target_tracking_configuration":[]},"before_sensitive":false,"after_sensitive":{"predictive_scaling_configuration":[],"step_adjustment":[{}],"target_tracking_configuration":[]}}},{"address":"aws_autoscaling_policy.asp_scale_out_web_inst","mode":"managed","type":"aws_autoscaling_policy","name":"asp_scale_out_web_inst","provider_name":"registry.terraform.io/hashicorp/aws","change":{"actions":["create"],"before":null,"after":{"adjustment_type":"ChangeInCapacity","autoscaling_group_name":"asg-Three-Tier-web-inst","cooldown":null,"enabled":true,"estimated_instance_warmup":null,"min_adjustment_magnitude":null,"name":"asp_scale_out_web_inst","policy_type":"StepScaling","predictive_scaling_configuration":[],"scaling_adjustment":null,"step_adjustment":[{"metric_interval_lower_bound":"1","metric_interval_upper_bound":"","scaling_adjustment":1}],"target_tracking_configuration":[]},"after_unknown":{"arn":true,"id":true,"metric_aggregation_type":true,"predictive_scaling_configuration":[],"step_adjustment":[{}],"target_tracking_configuration":[]},"before_sensitive":false,"after_sensitive":{"predictive_scaling_configuration":[],"step_adjustment":[{}],"target_tracking_configuration":[]}}},{"address":"aws_cloudwatch_metric_alarm.cw_scale_in_web_inst","mode":"managed","type":"aws_cloudwatch_metric_alarm","name":"cw_scale_in_web_inst","provider_name":"registry.terraform.io/hashicorp/aws","change":{"actions":["create"],"before":null,"after":{"actions_enabled":true,"alarm_description":"This metric is to scale-in according to ec2 cpu utilization","alarm_name":"scale-in","comparison_operator":"LessThanOrEqualToThreshold","datapoints_to_alarm":null,"dimensions":{"AutoScalingGroupName":"asg-Three-Tier-web-inst"},"evaluation_periods":2,"extended_statistic":null,"insufficient_data_actions":null,"metric_name":"CPUUtilization","metric_query":[],"namespace":"AWS/EC2","ok_actions":null,"period":60,"statistic":"Average","tags":null,"threshold":30,"threshold_metric_id":null,"treat_missing_data":"missing","unit":null},"after_unknown":{"alarm_actions":true,"arn":true,"dimensions":{},"evaluate_low_sample_count_percentiles":true,"id":true,"metric_query":[],"tags_all":true},"before_sensitive":false,"after_sensitive":{"alarm_actions":[],"dimensions":{},"metric_query":[],"tags_all":{}}}},{"address":"aws_cloudwatch_metric_alarm.cw_scale_out_web_inst","mode":"managed","type":"aws_cloudwatch_metric_alarm","name":"cw_scale_out_web_inst","provider_name":"registry.terraform.io/hashicorp/aws","change":{"actions":["create"],"before":null,"after":{"actions_enabled":true,"alarm_description":"This metric is to scale-out according to ec2 cpu utilization","alarm_name":"scale-out","comparison_operator":"GreaterThanThreshold","datapoints_to_alarm":null,"dimensions":{"AutoScalingGroupName":"asg-Three-Tier-web-inst"},"evaluation_periods":2,"extended_statistic":null,"insufficient_data_actions":null,"metric_name":"CPUUtilization","metric_query":[],"namespace":"AWS/EC2","ok_actions":null,"period":60,"statistic":"Average","tags":null,"threshold":70,"threshold_metric_id":null,"treat_missing_data":"missing","unit":null},"after_unknown":{"alarm_actions":true,"arn":true,"dimensions":{},"evaluate_low_sample_count_percentiles":true,"id":true,"metric_query":[],"tags_all":true},"before_sensitive":false,"after_sensitive":{"alarm_actions":[],"dimensions":{},"metric_query":[],"tags_all":{}}}},{"address":"aws_eip.elasticIP","mode":"managed","type":"aws_eip","name":"elasticIP","provider_name":"registry.terraform.io/hashicorp/aws","change":{"actions":["create"],"before":null,"after":{"address":null,"associate_with_private_ip":null,"customer_owned_ipv4_pool":null,"domain":"vpc","tags":{"Name":"NAT gw EIP"},"tags_all":{"Name":"NAT gw EIP"},"timeouts":null},"after_unknown":{"allocation_id":true,"association_id":true,"carrier_ip":true,"customer_owned_ip":true,"id":true,"instance":true,"network_border_group":true,"network_interface":true,"private_dns":true,"private_ip":true,"public_dns":true,"public_ip":true,"public_ipv4_pool":true,"tags":{},"tags_all":{},"vpc":true},"before_sensitive":false,"after_sensitive":{"tags":{},"tags_all":{}}}},{"address":"aws_instance.App_Server[0]","mode":"managed","type":"aws_instance","name":"App_Server","index":0,"provider_name":"registry.terraform.io/hashicorp/aws","change":{"actions":["create"],"before":null,"after":{"ami":"ami-0d887a308369b6881","credit_specification":[],"get_password_data":false,"hibernation":null,"instance_type":"t2.micro","key_name":"key-needed","launch_template":[],"source_dest_check":true,"tags":{"InfrastructureVersion":"1","Name":"AppServer 1 (v1)"},"tags_all":{"InfrastructureVersion":"1","Name":"AppServer 1 (v1)"},"timeouts":null,"user_data":"1986e8f80b0b076d95b1d53fc71455e09f4d3d44","user_data_replace_on_change":false,"volume_tags":null},"after_unknown":{"arn":true,"associate_public_ip_address":true,"availability_zone":true,"capacity_reservation_specification":true,"cpu_core_count":true,"cpu_options":true,"cpu_threads_per_core":true,"credit_specification":[],"disable_api_stop":true,"disable_api_termination":true,"ebs_block_device":true,"ebs_optimized":true,"enclave_options":true,"ephemeral_block_device":true,"host_id":true,"host_resource_group_arn":true,"iam_instance_profile":true,"id":true,"instance_initiated_shutdown_behavior":true,"instance_lifecycle":true,"instance_market_options":true,"instance_state":true,"ipv6_address_count":true,"ipv6_addresses":true,"launch_template":[],"maintenance_options":true,"metadata_options":true,"monitoring":true,"network_interface":true,"outpost_arn":true,"password_data":true,"placement_group":true,"placement_partition_number":true,"primary_network_interface_id":true,"private_dns":true,"private_dns_name_options":true,"private_ip":true,"public_dns":true,"public_ip":true,"root_block_device":true,"secondary_private_ips":true,"security_groups":true,"spot_instance_request_id":true,"subnet_id":true,"tags":{},"tags_all":{},"tenancy":true,"user_data_base64":true,"vpc_security_group_ids":true},"before_sensitive":false,"after_sensitive":{"capacity_reservation_specification":[],"cpu_options":[],"credit_specification":[],"ebs_block_device":[],"enclave_options":[],"ephemeral_block_device":[],"instance_market_options":[],"ipv6_addresses":[],"launch_template":[],"maintenance_options":[],"metadata_options":[],"network_interface":[],"private_dns_name_options":[],"root_block_device":[],"secondary_private_ips":[],"security_groups":[],"tags":{},"tags_all":{},"vpc_security_group_ids":[]}}},{"address":"aws_instance.App_Server[1]","mode":"managed","type":"aws_instance","name":"App_Server","index":1,"provider_name":"registry.terraform.io/hashicorp/aws","change":{"actions":["create"],"before":null,"after":{"ami":"ami-0d887a308369b6881","credit_specification":[],"get_password_data":false,"hibernation":null,"instance_type":"t2.micro","key_name":"key-needed","launch_template":[],"source_dest_check":true,"tags":{"InfrastructureVersion":"1","Name":"AppServer 2 (v1)"},"tags_all":{"InfrastructureVersion":"1","Name":"AppServer 2 (v1)"},"timeouts":null,"user_data":"7a9c3a1248151f0b703e59b9f97ae3d2140fd463","user_data_replace_on_change":false,"volume_tags":null},"after_unknown":{"arn":true,"associate_public_ip_address":true,"availability_zone":true,"capacity_reservation_specification":true,"cpu_core_count":true,"cpu_options":true,"cpu_threads_per_core":true,"credit_specification":[],"disable_api_stop":true,"disable_api_termination":true,"ebs_block_device":true,"ebs_optimized":true,"enclave_options":true,"ephemeral_block_device":true,"host_id":true,"host_resource_group_arn":true,"iam_instance_profile":true,"id":true,"instance_initiated_shutdown_behavior":true,"instance_lifecycle":true,"instance_market_options":true,"instance_state":true,"ipv6_address_count":true,"ipv6_addresses":true,"launch_template":[],"maintenance_options":true,"metadata_options":true,"monitoring":true,"network_interface":true,"outpost_arn":true,"password_data":true,"placement_group":true,"placement_partition_number":true,"primary_network_interface_id":true,"private_dns":true,"private_dns_name_options":true,"private_ip":true,"public_dns":true,"public_ip":true,"root_block_device":true,"secondary_private_ips":true,"security_groups":true,"spot_instance_request_id":true,"subnet_id":true,"tags":{},"tags_all":{},"tenancy":true,"user_data_base64":true,"vpc_security_group_ids":true},"before_sensitive":false,"after_sensitive":{"capacity_reservation_specification":[],"cpu_options":[],"credit_specification":[],"ebs_block_device":[],"enclave_options":[],"ephemeral_block_device":[],"instance_market_options":[],"ipv6_addresses":[],"launch_template":[],"maintenance_options":[],"metadata_options":[],"network_interface":[],"private_dns_name_options":[],"root_block_device":[],"secondary_private_ips":[],"security_groups":[],"tags":{},"tags_all":{},"vpc_security_group_ids":[]}}},{"address":"aws_internet_gateway.Website-deployment","mode":"managed","type":"aws_internet_gateway","name":"Website-deployment","provider_name":"registry.terraform.io/hashicorp/aws","change":{"actions":["create"],"before":null,"after":{"tags":{"Name":"Website-deployment  (v1"},"tags_all":{"Name":"Website-deployment  (v1"},"timeouts":null},"after_unknown":{"arn":true,"id":true,"owner_id":true,"tags":{},"tags_all":{},"vpc_id":true},"before_sensitive":false,"after_sensitive":{"tags":{},"tags_all":{}}}},{"address":"aws_launch_configuration.lc_asg_web","mode":"managed","type":"aws_launch_configuration","name":"lc_asg_web","provider_name":"registry.terraform.io/hashicorp/aws","change":{"actions":["create"],"before":null,"after":{"enable_monitoring":true,"ephemeral_block_device":[],"iam_instance_profile":null,"image_id":"ami-0d887a308369b6881","instance_type":"t2.micro","key_name":"key-needed","name_prefix":"lc-Three-Tier","placement_tenancy":null,"spot_price":null,"user_data":"3ef62907bfb4d1b7571d5134e8a2d149d5e79723","user_data_base64":null},"after_unknown":{"arn":true,"associate_public_ip_address":true,"ebs_block_device":true,"ebs_optimized":true,"ephemeral_block_device":[],"id":true,"metadata_options":true,"name":true,"root_block_device":true,"security_groups":true},"before_sensitive":false,"after_sensitive":{"ebs_block_device":[],"ephemeral_block_device":[],"metadata_options":[],"root_block_device":[],"security_groups":[]}}},{"address":"aws_lb.LB_Web_App","mode":"managed","type":"aws_lb","name":"LB_Web_App","provider_name":"registry.terraform.io/hashicorp/aws","change":{"actions":["create"],"before":null,"after":{"access_logs":[],"customer_owned_ipv4_pool":null,"desync_mitigation_mode":"defensive","drop_invalid_header_fields":false,"enable_cross_zone_load_balancing":null,"enable_deletion_protection":false,"enable_http2":true,"enable_tls_version_and_cipher_suite_headers":false,"enable_waf_fail_open":false,"enable_xff_client_port":false,"idle_timeout":60,"internal":false,"load_balancer_type":"application","name":"LbWebApp","name_prefix":null,"preserve_host_header":false,"tags":{"Environment":"production"},"tags_all":{"Environment":"production"},"timeouts":null,"xff_header_processing_mode":"append"},"after_unknown":{"access_logs":[],"arn":true,"arn_suffix":true,"dns_name":true,"id":true,"ip_address_type":true,"security_groups":true,"subnet_mapping":true,"subnets":true,"tags":{},"tags_all":{},"vpc_id":true,"zone_id":true},"before_sensitive":false,"after_sensitive":{"access_logs":[],"security_groups":[],"subnet_mapping":[],"subnets":[],"tags":{},"tags_all":{}}}},{"address":"aws_lb_listener.LB_Web_App","mode":"managed","type":"aws_lb_listener","name":"LB_Web_App","provider_name":"registry.terraform.io/hashicorp/aws","change":{"actions":["create"],"before":null,"after":{"alpn_policy":null,"certificate_arn":null,"default_action":[{"authenticate_cognito":[],"authenticate_oidc":[],"fixed_response":[],"forward":[],"redirect":[],"type":"forward"}],"port":80,"protocol":"HTTP","tags":null,"timeouts":null},"after_unknown":{"arn":true,"default_action":[{"authenticate_cognito":[],"authenticate_oidc":[],"fixed_response":[],"forward":[],"order":true,"redirect":[],"target_group_arn":true}],"id":true,"load_balancer_arn":true,"ssl_policy":true,"tags_all":true},"before_sensitive":false,"after_sensitive":{"default_action":[{"authenticate_cognito":[],"authenticate_oidc":[],"fixed_response":[],"forward":[],"redirect":[]}],"tags_all":{}}}},{"address":"aws_lb_target_group.Lb_target_group","mode":"managed","type":"aws_lb_target_group","name":"Lb_target_group","provider_name":"registry.terraform.io/hashicorp/aws","change":{"actions":["create"],"before":null,"after":{"connection_termination":false,"deregistration_delay":"300","health_check":[{"enabled":true,"healthy_threshold":2,"interval":10,"port":"80","protocol":"HTTP","timeout":5,"unhealthy_threshold":2}],"lambda_multi_value_headers_enabled":false,"name":"Lb-target-group-v1","name_prefix":null,"port":80,"protocol":"HTTP","proxy_protocol_v2":false,"slow_start":0,"tags":null,"target_type":"instance"},"after_unknown":{"arn":true,"arn_suffix":true,"health_check":[{"matcher":true,"path":true}],"id":true,"ip_address_type":true,"load_balancing_algorithm_type":true,"load_balancing_cross_zone_enabled":true,"preserve_client_ip":true,"protocol_version":true,"stickiness":true,"tags_all":true,"target_failover":true,"vpc_id":true},"before_sensitive":false,"after_sensitive":{"health_check":[{}],"stickiness":[],"tags_all":{},"target_failover":[]}}},{"address":"aws_nat_gateway.NATgw","mode":"managed","type":"aws_nat_gateway","name":"NATgw","provider_name":"registry.terraform.io/hashicorp/aws","change":{"actions":["create"],"before":null,"after":{"connectivity_type":"public","secondary_allocation_ids":null,"tags":{"Name":"NAT gw"},"tags_all":{"Name":"NAT gw"},"timeouts":null},"after_unknown":{"allocation_id":true,"association_id":true,"id":true,"network_interface_id":true,"private_ip":true,"public_ip":true,"secondary_private_ip_address_count":true,"secondary_private_ip_addresses":true,"subnet_id":true,"tags":{},"tags_all":{}},"before_sensitive":false,"after_sensitive":{"secondary_private_ip_addresses":[],"tags":{},"tags_all":{}}}},{"address":"aws_route_table.NATgw","mode":"managed","type":"aws_route_table","name":"NATgw","provider_name":"registry.terraform.io/hashicorp/aws","change":{"actions":["create"],"before":null,"after":{"route":[{"carrier_gateway_id":"","cidr_block":"0.0.0.0/0","core_network_arn":"","destination_prefix_list_id":"","egress_only_gateway_id":"","gateway_id":"","ipv6_cidr_block":"","local_gateway_id":"","network_interface_id":"","transit_gateway_id":"","vpc_endpoint_id":"","vpc_peering_connection_id":""}],"tags":{"Name":"NATgw  (v1)"},"tags_all":{"Name":"NATgw  (v1)"},"timeouts":null},"after_unknown":{"arn":true,"id":true,"owner_id":true,"propagating_vgws":true,"route":[{"nat_gateway_id":true}],"tags":{},"tags_all":{},"vpc_id":true},"before_sensitive":false,"after_sensitive":{"propagating_vgws":[],"route":[{}],"tags":{},"tags_all":{}}}},{"address":"aws_route_table.Website-deployment-main","mode":"managed","type":"aws_route_table","name":"Website-deployment-main","provider_name":"registry.terraform.io/hashicorp/aws","change":{"actions":["create"],"before":null,"after":{"route":[{"carrier_gateway_id":"","cidr_block":"0.0.0.0/0","core_network_arn":"","destination_prefix_list_id":"","egress_only_gateway_id":"","ipv6_cidr_block":"","local_gateway_id":"","nat_gateway_id":"","network_interface_id":"","transit_gateway_id":"","vpc_endpoint_id":"","vpc_peering_connection_id":""}],"tags":{"Name":"Website-deployment-main  (v1)"},"tags_all":{"Name":"Website-deployment-main  (v1)"},"timeouts":null},"after_unknown":{"arn":true,"id":true,"owner_id":true,"propagating_vgws":true,"route":[{"gateway_id":true}],"tags":{},"tags_all":{},"vpc_id":true},"before_sensitive":false,"after_sensitive":{"propagating_vgws":[],"route":[{}],"tags":{},"tags_all":{}}}},{"address":"aws_route_table.Website-deployment-private","mode":"managed","type":"aws_route_table","name":"Website-deployment-private","provider_name":"registry.terraform.io/hashicorp/aws","change":{"actions":["create"],"before":null,"after":{"tags":{"Name":"Website-deployment-private  (v1)"},"tags_all":{"Name":"Website-deployment-private  (v1)"},"timeouts":null},"after_unknown":{"arn":true,"id":true,"owner_id":true,"propagating_vgws":true,"route":true,"tags":{},"tags_all":{},"vpc_id":true},"before_sensitive":false,"after_sensitive":{"propagating_vgws":[],"route":[],"tags":{},"tags_all":{}}}},{"address":"aws_route_table_association.NATgw[0]","mode":"managed","type":"aws_route_table_association","name":"NATgw","index":0,"provider_name":"registry.terraform.io/hashicorp/aws","change":{"actions":["create"],"before":null,"after":{"gateway_id":null,"timeouts":null},"after_unknown":{"id":true,"route_table_id":true,"subnet_id":true},"before_sensitive":false,"after_sensitive":{}}},{"address":"aws_route_table_association.NATgw[1]","mode":"managed","type":"aws_route_table_association","name":"NATgw","index":1,"provider_name":"registry.terraform.io/hashicorp/aws","change":{"actions":["create"],"before":null,"after":{"gateway_id":null,"timeouts":null},"after_unknown":{"id":true,"route_table_id":true,"subnet_id":true},"before_sensitive":false,"after_sensitive":{}}},{"address":"aws_route_table_association.Website-deployment-main[0]","mode":"managed","type":"aws_route_table_association","name":"Website-deployment-main","index":0,"provider_name":"registry.terraform.io/hashicorp/aws","change":{"actions":["create"],"before":null,"after":{"gateway_id":null,"timeouts":null},"after_unknown":{"id":true,"route_table_id":true,"subnet_id":true},"before_sensitive":false,"after_sensitive":{}}},{"address":"aws_route_table_association.Website-deployment-main[1]","mode":"managed","type":"aws_route_table_association","name":"Website-deployment-main","index":1,"provider_name":"registry.terraform.io/hashicorp/aws","change":{"actions":["create"],"before":null,"after":{"gateway_id":null,"timeouts":null},"after_unknown":{"id":true,"route_table_id":true,"subnet_id":true},"before_sensitive":false,"after_sensitive":{}}},{"address":"aws_security_group.Website-deployment-AppServer","mode":"managed","type":"aws_security_group","name":"Website-deployment-AppServer","provider_name":"registry.terraform.io/hashicorp/aws","change":{"actions":["create"],"before":null,"after":{"description":"Website-deployment-AppServer","name":"Website-deployment-AppServer (v1)","revoke_rules_on_delete":false,"tags":{"Name":"Website-deployment-AppServer (v1)"},"tags_all":{"Name":"Website-deployment-AppServer (v1)"},"timeouts":null},"after_unknown":{"arn":true,"egress":true,"id":true,"ingress":true,"name_prefix":true,"owner_id":true,"tags":{},"tags_all":{},"vpc_id":true},"before_sensitive":false,"after_sensitive":{"egress":[],"ingress":[],"tags":{},"tags_all":{}}}},{"address":"aws_security_group.Website-deployment-RDS","mode":"managed","type":"aws_security_group","name":"Website-deployment-RDS","provider_name":"registry.terraform.io/hashicorp/aws","change":{"actions":["create"],"before":null,"after":{"description":"Website-deployment-RDS","name":"Website-deployment-RDS (v1)","revoke_rules_on_delete":false,"tags":{"Name":"Website-deployment-RDS (v1)"},"tags_all":{"Name":"Website-deployment-RDS (v1)"},"timeouts":null},"after_unknown":{"arn":true,"egress":true,"id":true,"ingress":true,"name_prefix":true,"owner_id":true,"tags":{},"tags_all":{},"vpc_id":true},"before_sensitive":false,"after_sensitive":{"egress":[],"ingress":[],"tags":{},"tags_all":{}}}},{"address":"aws_security_group.Website-deployment-WebServer","mode":"managed","type":"aws_security_group","name":"Website-deployment-WebServer","provider_name":"registry.terraform.io/hashicorp/aws","change":{"actions":["create"],"before":null,"after":{"description":"Website-deployment-WebServer","name":"Website-deployment-WebServer (v1)","revoke_rules_on_delete":false,"tags":{"Name":"Website-deployment-WebServer (v1)"},"tags_all":{"Name":"Website-deployment-WebServer (v1)"},"timeouts":null},"after_unknown":{"arn":true,"egress":true,"id":true,"ingress":true,"name_prefix":true,"owner_id":true,"tags":{},"tags_all":{},"vpc_id":true},"before_sensitive":false,"after_sensitive":{"egress":[],"ingress":[],"tags":{},"tags_all":{}}}},{"address":"aws_security_group.Website_deployment_LB","mode":"managed","type":"aws_security_group","name":"Website_deployment_LB","provider_name":"registry.terraform.io/hashicorp/aws","change":{"actions":["create"],"before":null,"after":{"description":"Website_deployment_LB","name":"Website_deployment_LB (v1)","revoke_rules_on_delete":false,"tags":{"Name":"Website_deployment_LB (v1)"},"tags_all":{"Name":"Website_deployment_LB (v1)"},"timeouts":null},"after_unknown":{"arn":true,"egress":true,"id":true,"ingress":true,"name_prefix":true,"owner_id":true,"tags":{},"tags_all":{},"vpc_id":true},"before_sensitive":false,"after_sensitive":{"egress":[],"ingress":[],"tags":{},"tags_all":{}}}},{"address":"aws_security_group_rule.Website-deployment-AppServer-inbound-allICMP","mode":"managed","type":"aws_security_group_rule","name":"Website-deployment-AppServer-inbound-allICMP","provider_name":"registry.terraform.io/hashicorp/aws","change":{"actions":["create"],"before":null,"after":{"cidr_blocks":null,"description":null,"from_port":-1,"ipv6_cidr_blocks":null,"prefix_list_ids":null,"protocol":"icmp","self":false,"timeouts":null,"to_port":-1,"type":"ingress"},"after_unknown":{"id":true,"security_group_id":true,"security_group_rule_id":true,"source_security_group_id":true},"before_sensitive":false,"after_sensitive":{}}},{"address":"aws_security_group_rule.Website-deployment-AppServer-inbound-http","mode":"managed","type":"aws_security_group_rule","name":"Website-deployment-AppServer-inbound-http","provider_name":"registry.terraform.io/hashicorp/aws","change":{"actions":["create"],"before":null,"after":{"cidr_blocks":null,"description":null,"from_port":80,"ipv6_cidr_blocks":null,"prefix_list_ids":null,"protocol":"tcp","self":false,"timeouts":null,"to_port":80,"type":"ingress"},"after_unknown":{"id":true,"security_group_id":true,"security_group_rule_id":true,"source_security_group_id":true},"before_sensitive":false,"after_sensitive":{}}},{"address":"aws_security_group_rule.Website-deployment-AppServer-inbound-https","mode":"managed","type":"aws_security_group_rule","name":"Website-deployment-AppServer-inbound-https","provider_name":"registry.terraform.io/hashicorp/aws","change":{"actions":["create"],"before":null,"after":{"cidr_blocks":null,"description":null,"from_port":443,"ipv6_cidr_blocks":null,"prefix_list_ids":null,"protocol":"tcp","self":false,"timeouts":null,"to_port":443,"type":"ingress"},"after_unknown":{"id":true,"security_group_id":true,"security_group_rule_id":true,"source_security_group_id":true},"before_sensitive":false,"after_sensitive":{}}},{"address":"aws_security_group_rule.Website-deployment-AppServer-inbound-ssh","mode":"managed","type":"aws_security_group_rule","name":"Website-deployment-AppServer-inbound-ssh","provider_name":"registry.terraform.io/hashicorp/aws","change":{"actions":["create"],"before":null,"after":{"cidr_blocks":null,"description":null,"from_port":22,"ipv6_cidr_blocks":null,"prefix_list_ids":null,"protocol":"tcp","self":false,"timeouts":null,"to_port":22,"type":"ingress"},"after_unknown":{"id":true,"security_group_id":true,"security_group_rule_id":true,"source_security_group_id":true},"before_sensitive":false,"after_sensitive":{}}},{"address":"aws_security_group_rule.Website-deployment-AppServer-outbound","mode":"managed","type":"aws_security_group_rule","name":"Website-deployment-AppServer-outbound","provider_name":"registry.terraform.io/hashicorp/aws","change":{"actions":["create"],"before":null,"after":{"cidr_blocks":["0.0.0.0/0"],"description":null,"from_port":0,"ipv6_cidr_blocks":null,"prefix_list_ids":null,"protocol":"-1","self":false,"timeouts":null,"to_port":0,"type":"egress"},"after_unknown":{"cidr_blocks":[false],"id":true,"security_group_id":true,"security_group_rule_id":true,"source_security_group_id":true},"before_sensitive":false,"after_sensitive":{"cidr_blocks":[false]}}},{"address":"aws_security_group_rule.Website-deployment-RDS-inbound-mysql","mode":"managed","type":"aws_security_group_rule","name":"Website-deployment-RDS-inbound-mysql","provider_name":"registry.terraform.io/hashicorp/aws","change":{"actions":["create"],"before":null,"after":{"cidr_blocks":null,"description":null,"from_port":3306,"ipv6_cidr_blocks":null,"prefix_list_ids":null,"protocol":"tcp","self":false,"timeouts":null,"to_port":3306,"type":"ingress"},"after_unknown":{"id":true,"security_group_id":true,"security_group_rule_id":true,"source_security_group_id":true},"before_sensitive":false,"after_sensitive":{}}},{"address":"aws_security_group_rule.Website-deployment-WebServer-inbound-http","mode":"managed","type":"aws_security_group_rule","name":"Website-deployment-WebServer-inbound-http","provider_name":"registry.terraform.io/hashicorp/aws","change":{"actions":["create"],"before":null,"after":{"cidr_blocks":null,"description":null,"from_port":80,"ipv6_cidr_blocks":null,"prefix_list_ids":null,"protocol":"tcp","self":false,"timeouts":null,"to_port":80,"type":"ingress"},"after_unknown":{"id":true,"security_group_id":true,"security_group_rule_id":true,"source_security_group_id":true},"before_sensitive":false,"after_sensitive":{}}},{"address":"aws_security_group_rule.Website-deployment-WebServer-inbound-https","mode":"managed","type":"aws_security_group_rule","name":"Website-deployment-WebServer-inbound-https","provider_name":"registry.terraform.io/hashicorp/aws","change":{"actions":["create"],"before":null,"after":{"cidr_blocks":null,"description":null,"from_port":443,"ipv6_cidr_blocks":null,"prefix_list_ids":null,"protocol":"tcp","self":false,"timeouts":null,"to_port":443,"type":"ingress"},"after_unknown":{"id":true,"security_group_id":true,"security_group_rule_id":true,"source_security_group_id":true},"before_sensitive":false,"after_sensitive":{}}},{"address":"aws_security_group_rule.Website-deployment-WebServer-inbound-ssh","mode":"managed","type":"aws_security_group_rule","name":"Website-deployment-WebServer-inbound-ssh","provider_name":"registry.terraform.io/hashicorp/aws","change":{"actions":["create"],"before":null,"after":{"cidr_blocks":null,"description":null,"from_port":22,"ipv6_cidr_blocks":null,"prefix_list_ids":null,"protocol":"tcp","self":false,"timeouts":null,"to_port":22,"type":"ingress"},"after_unknown":{"id":true,"security_group_id":true,"security_group_rule_id":true,"source_security_group_id":true},"before_sensitive":false,"after_sensitive":{}}},{"address":"aws_security_group_rule.Website-deployment-WebServer-outbound","mode":"managed","type":"aws_security_group_rule","name":"Website-deployment-WebServer-outbound","provider_name":"registry.terraform.io/hashicorp/aws","change":{"actions":["create"],"before":null,"after":{"cidr_blocks":["0.0.0.0/0"],"description":null,"from_port":0,"ipv6_cidr_blocks":null,"prefix_list_ids":null,"protocol":"-1","self":false,"timeouts":null,"to_port":0,"type":"egress"},"after_unknown":{"cidr_blocks":[false],"id":true,"security_group_id":true,"security_group_rule_id":true,"source_security_group_id":true},"before_sensitive":false,"after_sensitive":{"cidr_blocks":[false]}}},{"address":"aws_security_group_rule.Website_deployment_LB_inbound_http","mode":"managed","type":"aws_security_group_rule","name":"Website_deployment_LB_inbound_http","provider_name":"registry.terraform.io/hashicorp/aws","change":{"actions":["create"],"before":null,"after":{"cidr_blocks":["0.0.0.0/0"],"description":null,"from_port":80,"ipv6_cidr_blocks":null,"prefix_list_ids":null,"protocol":"tcp","self":false,"timeouts":null,"to_port":80,"type":"ingress"},"after_unknown":{"cidr_blocks":[false],"id":true,"security_group_id":true,"security_group_rule_id":true,"source_security_group_id":true},"before_sensitive":false,"after_sensitive":{"cidr_blocks":[false]}}},{"address":"aws_security_group_rule.Website_deployment_LB_inbound_https","mode":"managed","type":"aws_security_group_rule","name":"Website_deployment_LB_inbound_https","provider_name":"registry.terraform.io/hashicorp/aws","change":{"actions":["create"],"before":null,"after":{"cidr_blocks":["0.0.0.0/0"],"description":null,"from_port":443,"ipv6_cidr_blocks":null,"prefix_list_ids":null,"protocol":"tcp","self":false,"timeouts":null,"to_port":443,"type":"ingress"},"after_unknown":{"cidr_blocks":[false],"id":true,"security_group_id":true,"security_group_rule_id":true,"source_security_group_id":true},"before_sensitive":false,"after_sensitive":{"cidr_blocks":[false]}}},{"address":"aws_security_group_rule.Website_deployment_LB_inbound_ssh","mode":"managed","type":"aws_security_group_rule","name":"Website_deployment_LB_inbound_ssh","provider_name":"registry.terraform.io/hashicorp/aws","change":{"actions":["create"],"before":null,"after":{"cidr_blocks":["0.0.0.0/0"],"description":null,"from_port":22,"ipv6_cidr_blocks":null,"prefix_list_ids":null,"protocol":"tcp","self":false,"timeouts":null,"to_port":22,"type":"ingress"},"after_unknown":{"cidr_blocks":[false],"id":true,"security_group_id":true,"security_group_rule_id":true,"source_security_group_id":true},"before_sensitive":false,"after_sensitive":{"cidr_blocks":[false]}}},{"address":"aws_security_group_rule.Website_deployment_LB_outound","mode":"managed","type":"aws_security_group_rule","name":"Website_deployment_LB_outound","provider_name":"registry.terraform.io/hashicorp/aws","change":{"actions":["create"],"before":null,"after":{"cidr_blocks":["0.0.0.0/0"],"description":null,"from_port":0,"ipv6_cidr_blocks":null,"prefix_list_ids":null,"protocol":"-1","self":false,"timeouts":null,"to_port":0,"type":"egress"},"after_unknown":{"cidr_blocks":[false],"id":true,"security_group_id":true,"security_group_rule_id":true,"source_security_group_id":true},"before_sensitive":false,"after_sensitive":{"cidr_blocks":[false]}}},{"address":"aws_subnet.Website-deployment-private[0]","mode":"managed","type":"aws_subnet","name":"Website-deployment-private","index":0,"provider_name":"registry.terraform.io/hashicorp/aws","change":{"actions":["create"],"before":null,"after":{"assign_ipv6_address_on_creation":false,"availability_zone":"us-east-1a","cidr_block":"10.0.3.0/24","customer_owned_ipv4_pool":null,"enable_dns64":false,"enable_lni_at_device_index":null,"enable_resource_name_dns_a_record_on_launch":false,"enable_resource_name_dns_aaaa_record_on_launch":false,"ipv6_cidr_block":null,"ipv6_native":false,"map_customer_owned_ip_on_launch":null,"map_public_ip_on_launch":false,"outpost_arn":null,"tags":{"Name":"Private_Subnet us-east-1a (v1)"},"tags_all":{"Name":"Private_Subnet us-east-1a (v1)"},"timeouts":null},"after_unknown":{"arn":true,"availability_zone_id":true,"id":true,"ipv6_cidr_block_association_id":true,"owner_id":true,"private_dns_hostname_type_on_launch":true,"tags":{},"tags_all":{},"vpc_id":true},"before_sensitive":false,"after_sensitive":{"tags":{},"tags_all":{}}}},{"address":"aws_subnet.Website-deployment-private[1]","mode":"managed","type":"aws_subnet","name":"Website-deployment-private","index":1,"provider_name":"registry.terraform.io/hashicorp/aws","change":{"actions":["create"],"before":null,"after":{"assign_ipv6_address_on_creation":false,"availability_zone":"us-east-1b","cidr_block":"10.0.4.0/24","customer_owned_ipv4_pool":null,"enable_dns64":false,"enable_lni_at_device_index":null,"enable_resource_name_dns_a_record_on_launch":false,"enable_resource_name_dns_aaaa_record_on_launch":false,"ipv6_cidr_block":null,"ipv6_native":false,"map_customer_owned_ip_on_launch":null,"map_public_ip_on_launch":false,"outpost_arn":null,"tags":{"Name":"Private_Subnet us-east-1b (v1)"},"tags_all":{"Name":"Private_Subnet us-east-1b (v1)"},"timeouts":null},"after_unknown":{"arn":true,"availability_zone_id":true,"id":true,"ipv6_cidr_block_association_id":true,"owner_id":true,"private_dns_hostname_type_on_launch":true,"tags":{},"tags_all":{},"vpc_id":true},"before_sensitive":false,"after_sensitive":{"tags":{},"tags_all":{}}}},{"address":"aws_subnet.Website-deployment-public[0]","mode":"managed","type":"aws_subnet","name":"Website-deployment-public","index":0,"provider_name":"registry.terraform.io/hashicorp/aws","change":{"actions":["create"],"before":null,"after":{"assign_ipv6_address_on_creation":false,"availability_zone":"us-east-1a","cidr_block":"10.0.1.0/24","customer_owned_ipv4_pool":null,"enable_dns64":false,"enable_lni_at_device_index":null,"enable_resource_name_dns_a_record_on_launch":false,"enable_resource_name_dns_aaaa_record_on_launch":false,"ipv6_cidr_block":null,"ipv6_native":false,"map_customer_owned_ip_on_launch":null,"map_public_ip_on_launch":true,"outpost_arn":null,"tags":{"Name":"Public_Subnet us-east-1a (v1)"},"tags_all":{"Name":"Public_Subnet us-east-1a (v1)"},"timeouts":null},"after_unknown":{"arn":true,"availability_zone_id":true,"id":true,"ipv6_cidr_block_association_id":true,"owner_id":true,"private_dns_hostname_type_on_launch":true,"tags":{},"tags_all":{},"vpc_id":true},"before_sensitive":false,"after_sensitive":{"tags":{},"tags_all":{}}}},{"address":"aws_subnet.Website-deployment-public[1]","mode":"managed","type":"aws_subnet","name":"Website-deployment-public","index":1,"provider_name":"registry.terraform.io/hashicorp/aws","change":{"actions":["create"],"before":null,"after":{"assign_ipv6_address_on_creation":false,"availability_zone":"us-east-1b","cidr_block":"10.0.2.0/24","customer_owned_ipv4_pool":null,"enable_dns64":false,"enable_lni_at_device_index":null,"enable_resource_name_dns_a_record_on_launch":false,"enable_resource_name_dns_aaaa_record_on_launch":false,"ipv6_cidr_block":null,"ipv6_native":false,"map_customer_owned_ip_on_launch":null,"map_public_ip_on_launch":true,"outpost_arn":null,"tags":{"Name":"Public_Subnet us-east-1b (v1)"},"tags_all":{"Name":"Public_Subnet us-east-1b (v1)"},"timeouts":null},"after_unknown":{"arn":true,"availability_zone_id":true,"id":true,"ipv6_cidr_block_association_id":true,"owner_id":true,"private_dns_hostname_type_on_launch":true,"tags":{},"tags_all":{},"vpc_id":true},"before_sensitive":false,"after_sensitive":{"tags":{},"tags_all":{}}}},{"address":"aws_vpc.Website-deployment","mode":"managed","type":"aws_vpc","name":"Website-deployment","provider_name":"registry.terraform.io/hashicorp/aws","change":{"actions":["create"],"before":null,"after":{"assign_generated_ipv6_cidr_block":null,"cidr_block":"10.0.0.0/16","enable_dns_hostnames":true,"enable_dns_support":true,"instance_tenancy":"default","ipv4_ipam_pool_id":null,"ipv4_netmask_length":null,"ipv6_ipam_pool_id":null,"ipv6_netmask_length":null,"tags":{"Name":"Website-deployment (v1)"},"tags_all":{"Name":"Website-deployment (v1)"}},"after_unknown":{"arn":true,"default_network_acl_id":true,"default_route_table_id":true,"default_security_group_id":true,"dhcp_options_id":true,"enable_network_address_usage_metrics":true,"id":true,"ipv6_association_id":true,"ipv6_cidr_block":true,"ipv6_cidr_block_network_border_group":true,"main_route_table_id":true,"owner_id":true,"tags":{},"tags_all":{}},"before_sensitive":false,"after_sensitive":{"tags":{},"tags_all":{}}}}],"prior_state":{"format_version":"1.0","terraform_version":"1.4.6","values":{"root_module":{"resources":[{"address":"data.aws_ami.amzlinux","mode":"data","type":"aws_ami","name":"amzlinux","provider_name":"registry.terraform.io/hashicorp/aws","schema_version":0,"values":{"architecture":"x86_64","arn":"arn:aws:ec2:us-east-1::image/ami-0d887a308369b6881","block_device_mappings":[{"device_name":"/dev/xvda","ebs":{"delete_on_termination":"true","encrypted":"false","iops":"0","snapshot_id":"snap-05f0b253ba3cafa7d","throughput":"0","volume_size":"8","volume_type":"gp2"},"no_device":"","virtual_name":""}],"boot_mode":"","creation_date":"2023-09-26T17:43:39.000Z","deprecation_time":"2025-07-01T00:00:00.000Z","description":"Amazon Linux 2 AMI 2.0.20230926.0 x86_64 HVM gp2","ena_support":true,"executable_users":null,"filter":[{"name":"architecture","values":["x86_64"]},{"name":"name","values":["amzn2-ami-hvm-*-gp2"]},{"name":"root-device-type","values":["ebs"]},{"name":"virtualization-type","values":["hvm"]}],"hypervisor":"xen","id":"ami-0d887a308369b6881","image_id":"ami-0d887a308369b6881","image_location":"amazon/amzn2-ami-hvm-2.0.20230926.0-x86_64-gp2","image_owner_alias":"amazon","image_type":"machine","imds_support":"","include_deprecated":false,"kernel_id":"","most_recent":true,"name":"amzn2-ami-hvm-2.0.20230926.0-x86_64-gp2","name_regex":null,"owner_id":"137112412989","owners":["amazon"],"platform":"","platform_details":"Linux/UNIX","product_codes":[],"public":true,"ramdisk_id":"","root_device_name":"/dev/xvda","root_device_type":"ebs","root_snapshot_id":"snap-05f0b253ba3cafa7d","sriov_net_support":"simple","state":"available","state_reason":{"code":"UNSET","message":"UNSET"},"tags":{},"timeouts":null,"tpm_support":"","usage_operation":"RunInstances","virtualization_type":"hvm"},"sensitive_values":{"block_device_mappings":[{"ebs":{}}],"filter":[{"values":[false]},{"values":[false]},{"values":[false]},{"values":[false]}],"owners":[false],"product_codes":[],"state_reason":{},"tags":{}}}]}}},"configuration":{"provider_config":{"aws":{"name":"aws","full_name":"registry.terraform.io/hashicorp/aws"}},"root_module":{"resources":[{"address":"aws_autoscaling_attachment.asa_asg_web","mode":"managed","type":"aws_autoscaling_attachment","name":"asa_asg_web","provider_config_key":"aws","expressions":{"autoscaling_group_name":{"references":["aws_autoscaling_group.asg_web_inst.id","aws_autoscaling_group.asg_web_inst"]},"lb_target_group_arn":{"references":["aws_lb_target_group.Lb_target_group.arn","aws_lb_target_group.Lb_target_group"]}},"schema_version":0},{"address":"aws_autoscaling_group.asg_web_inst","mode":"managed","type":"aws_autoscaling_group","name":"asg_web_inst","provider_config_key":"aws","expressions":{"desired_capacity":{"references":["local.total_instance_count"]},"force_delete":{"constant_value":true},"health_check_grace_period":{"constant_value":300},"health_check_type":{"constant_value":"ELB"},"launch_configuration":{"references":["aws_launch_configuration.lc_asg_web.name","aws_launch_configuration.lc_asg_web"]},"max_size":{"references":["local.total_instance_count"]},"min_size":{"references":["local.total_instance_count"]},"name":{"constant_value":"asg-Three-Tier-web-inst"},"tag":[{"key":{"constant_value":"Name"},"propagate_at_launch":{"constant_value":true},"value":{"constant_value":"Web-Server"}}],"vpc_zone_identifier":{"references":["local.subnets_public"]}},"schema_version":1},{"address":"aws_autoscaling_policy.asp_scale_in_web_inst","mode":"managed","type":"aws_autoscaling_policy","name":"asp_scale_in_web_inst","provider_config_key":"aws","expressions":{"adjustment_type":{"constant_value":"ChangeInCapacity"},"autoscaling_group_name":{"references":["aws_autoscaling_group.asg_web_inst.name","aws_autoscaling_group.asg_web_inst"]},"name":{"constant_value":"asp_scale_in_web_inst"},"policy_type":{"constant_value":"StepScaling"},"step_adjustment":[{"metric_interval_upper_bound":{"constant_value":-1},"scaling_adjustment":{"constant_value":-1}}]},"schema_version":0},{"address":"aws_autoscaling_policy.asp_scale_out_web_inst","mode":"managed","type":"aws_autoscaling_policy","name":"asp_scale_out_web_inst","provider_config_key":"aws","expressions":{"adjustment_type":{"constant_value":"ChangeInCapacity"},"autoscaling_group_name":{"references":["aws_autoscaling_group.asg_web_inst.name","aws_autoscaling_group.asg_web_inst"]},"name":{"constant_value":"asp_scale_out_web_inst"},"policy_type":{"constant_value":"StepScaling"},"step_adjustment":[{"metric_interval_lower_bound":{"constant_value":1},"scaling_adjustment":{"constant_value":1}}]},"schema_version":0},{"address":"aws_cloudwatch_metric_alarm.cw_scale_in_web_inst","mode":"managed","type":"aws_cloudwatch_metric_alarm","name":"cw_scale_in_web_inst","provider_config_key":"aws","expressions":{"alarm_actions":{"references":["aws_autoscaling_policy.asp_scale_in_web_inst.arn","aws_autoscaling_policy.asp_scale_in_web_inst"]},"alarm_description":{"constant_value":"This metric is to scale-in according to ec2 cpu utilization"},"alarm_name":{"constant_value":"scale-in"},"comparison_operator":{"constant_value":"LessThanOrEqualToThreshold"},"dimensions":{"references":["aws_autoscaling_group.asg_web_inst.name","aws_autoscaling_group.asg_web_inst"]},"evaluation_periods":{"constant_value":"2"},"metric_name":{"constant_value":"CPUUtilization"},"namespace":{"constant_value":"AWS/EC2"},"period":{"constant_value":"60"},"statistic":{"constant_value":"Average"},"threshold":{"constant_value":"30"}},"schema_version":1},{"address":"aws_cloudwatch_metric_alarm.cw_scale_out_web_inst","mode":"managed","type":"aws_cloudwatch_metric_alarm","name":"cw_scale_out_web_inst","provider_config_key":"aws","expressions":{"alarm_actions":{"references":["aws_autoscaling_policy.asp_scale_out_web_inst.arn","aws_autoscaling_policy.asp_scale_out_web_inst"]},"alarm_description":{"constant_value":"This metric is to scale-out according to ec2 cpu utilization"},"alarm_name":{"constant_value":"scale-out"},"comparison_operator":{"constant_value":"GreaterThanThreshold"},"dimensions":{"references":["aws_autoscaling_group.asg_web_inst.name","aws_autoscaling_group.asg_web_inst"]},"evaluation_periods":{"constant_value":"2"},"metric_name":{"constant_value":"CPUUtilization"},"namespace":{"constant_value":"AWS/EC2"},"period":{"constant_value":"60"},"statistic":{"constant_value":"Average"},"threshold":{"constant_value":"70"}},"schema_version":1},{"address":"aws_eip.elasticIP","mode":"managed","type":"aws_eip","name":"elasticIP","provider_config_key":"aws","expressions":{"domain":{"constant_value":"vpc"},"tags":{"constant_value":{"Name":"NAT gw EIP"}}},"schema_version":0},{"address":"aws_instance.App_Server","mode":"managed","type":"aws_instance","name":"App_Server","provider_config_key":"aws","expressions":{"ami":{"references":["data.aws_ami.amzlinux.id","data.aws_ami.amzlinux"]},"instance_type":{"references":["var.instance_type"]},"key_name":{"constant_value":"key-needed"},"subnet_id":{"references":["local.subnets_private","count.index"]},"tags":{"references":["count.index","var.infrastructure_version","var.infrastructure_version"]},"user_data":{"references":["count.index"]},"vpc_security_group_ids":{"references":["aws_security_group.Website-deployment-AppServer.id","aws_security_group.Website-deployment-AppServer"]}},"schema_version":1,"count_expression":{"references":["var.Subnet_count","var.Instance_count_per_subnet"]}},{"address":"aws_internet_gateway.Website-deployment","mode":"managed","type":"aws_internet_gateway","name":"Website-deployment","provider_config_key":"aws","expressions":{"tags":{"references":["var.infrastructure_version"]},"vpc_id":{"references":["aws_vpc.Website-deployment.id","aws_vpc.Website-deployment"]}},"schema_version":0},{"address":"aws_launch_configuration.lc_asg_web","mode":"managed","type":"aws_launch_configuration","name":"lc_asg_web","provider_config_key":"aws","expressions":{"image_id":{"references":["data.aws_ami.amzlinux.id","data.aws_ami.amzlinux"]},"instance_type":{"constant_value":"t2.micro"},"key_name":{"constant_value":"key-needed"},"name_prefix":{"constant_value":"lc-Three-Tier"},"security_groups":{"references":["aws_security_group.Website-deployment-WebServer.id","aws_security_group.Website-deployment-WebServer"]},"user_data":{}},"schema_version":0},{"address":"aws_lb.LB_Web_App","mode":"managed","type":"aws_lb","name":"LB_Web_App","provider_config_key":"aws","expressions":{"enable_cross_zone_load_balancing":{"constant_value":true},"enable_deletion_protection":{"constant_value":false},"internal":{"constant_value":false},"load_balancer_type":{"constant_value":"application"},"name":{"constant_value":"LbWebApp"},"security_groups":{"references":["aws_security_group.Website_deployment_LB.id","aws_security_group.Website_deployment_LB"]},"subnets":{"references":["aws_subnet.Website-deployment-public"]},"tags":{"constant_value":{"Environment":"production"}}},"schema_version":0},{"address":"aws_lb_listener.LB_Web_App","mode":"managed","type":"aws_lb_listener","name":"LB_Web_App","provider_config_key":"aws","expressions":{"default_action":[{"target_group_arn":{"references":["aws_lb_target_group.Lb_target_group.arn","aws_lb_target_group.Lb_target_group"]},"type":{"constant_value":"forward"}}],"load_balancer_arn":{"references":["aws_lb.LB_Web_App.arn","aws_lb.LB_Web_App"]},"port":{"constant_value":"80"},"protocol":{"constant_value":"HTTP"}},"schema_version":0},{"address":"aws_lb_target_group.Lb_target_group","mode":"managed","type":"aws_lb_target_group","name":"Lb_target_group","provider_config_key":"aws","expressions":{"health_check":[{"healthy_threshold":{"constant_value":2},"interval":{"constant_value":10},"port":{"constant_value":80},"protocol":{"constant_value":"HTTP"},"timeout":{"constant_value":5},"unhealthy_threshold":{"constant_value":2}}],"name":{"references":["var.infrastructure_version"]},"port":{"constant_value":80},"protocol":{"constant_value":"HTTP"},"vpc_id":{"references":["aws_vpc.Website-deployment.id","aws_vpc.Website-deployment"]}},"schema_version":0,"depends_on":["aws_lb.LB_Web_App"]},{"address":"aws_nat_gateway.NATgw","mode":"managed","type":"aws_nat_gateway","name":"NATgw","provider_config_key":"aws","expressions":{"allocation_id":{"references":["aws_eip.elasticIP.id","aws_eip.elasticIP"]},"subnet_id":{"references":["local.subnets_public"]},"tags":{"constant_value":{"Name":"NAT gw"}}},"schema_version":0,"depends_on":["aws_internet_gateway.Website-deployment","aws_eip.elasticIP"]},{"address":"aws_route_table.NATgw","mode":"managed","type":"aws_route_table","name":"NATgw","provider_config_key":"aws","expressions":{"route":{"references":["aws_nat_gateway.NATgw.id","aws_nat_gateway.NATgw"]},"tags":{"references":["var.infrastructure_version"]},"vpc_id":{"references":["aws_vpc.Website-deployment.id","aws_vpc.Website-deployment"]}},"schema_version":0,"depends_on":["aws_nat_gateway.NATgw"]},{"address":"aws_route_table.Website-deployment-main","mode":"managed","type":"aws_route_table","name":"Website-deployment-main","provider_config_key":"aws","expressions":{"route":{"references":["aws_internet_gateway.Website-deployment.id","aws_internet_gateway.Website-deployment"]},"tags":{"references":["var.infrastructure_version"]},"vpc_id":{"references":["aws_vpc.Website-deployment.id","aws_vpc.Website-deployment"]}},"schema_version":0},{"address":"aws_route_table.Website-deployment-private","mode":"managed","type":"aws_route_table","name":"Website-deployment-private","provider_config_key":"aws","expressions":{"tags":{"references":["var.infrastructure_version"]},"vpc_id":{"references":["aws_vpc.Website-deployment.id","aws_vpc.Website-deployment"]}},"schema_version":0},{"address":"aws_route_table_association.NATgw","mode":"managed","type":"aws_route_table_association","name":"NATgw","provider_config_key":"aws","expressions":{"route_table_id":{"references":["aws_route_table.NATgw.id","aws_route_table.NATgw"]},"subnet_id":{"references":["local.subnets_private","count.index"]}},"schema_version":0,"count_expression":{"references":["var.Subnet_count"]},"depends_on":["aws_route_table.NATgw"]},{"address":"aws_route_table_association.Website-deployment-main","mode":"managed","type":"aws_route_table_association","name":"Website-deployment-main","provider_config_key":"aws","expressions":{"route_table_id":{"references":["aws_route_table.Website-deployment-main.id","aws_route_table.Website-deployment-main"]},"subnet_id":{"references":["local.subnets_public","count.index"]}},"schema_version":0,"count_expression":{"constant_value":2}},{"address":"aws_security_group.Website-deployment-AppServer","mode":"managed","type":"aws_security_group","name":"Website-deployment-AppServer","provider_config_key":"aws","expressions":{"description":{"constant_value":"Website-deployment-AppServer"},"name":{"references":["var.infrastructure_version"]},"tags":{"references":["var.infrastructure_version"]},"vpc_id":{"references":["aws_vpc.Website-deployment.id","aws_vpc.Website-deployment"]}},"schema_version":1},{"address":"aws_security_group.Website-deployment-RDS","mode":"managed","type":"aws_security_group","name":"Website-deployment-RDS","provider_config_key":"aws","expressions":{"description":{"constant_value":"Website-deployment-RDS"},"name":{"references":["var.infrastructure_version"]},"tags":{"references":["var.infrastructure_version"]},"vpc_id":{"references":["aws_vpc.Website-deployment.id","aws_vpc.Website-deployment"]}},"schema_version":1},{"address":"aws_security_group.Website-deployment-WebServer","mode":"managed","type":"aws_security_group","name":"Website-deployment-WebServer","provider_config_key":"aws","expressions":{"description":{"constant_value":"Website-deployment-WebServer"},"name":{"references":["var.infrastructure_version"]},"tags":{"references":["var.infrastructure_version"]},"vpc_id":{"references":["aws_vpc.Website-deployment.id","aws_vpc.Website-deployment"]}},"schema_version":1},{"address":"aws_security_group.Website_deployment_LB","mode":"managed","type":"aws_security_group","name":"Website_deployment_LB","provider_config_key":"aws","expressions":{"description":{"constant_value":"Website_deployment_LB"},"name":{"references":["var.infrastructure_version"]},"tags":{"references":["var.infrastructure_version"]},"vpc_id":{"references":["aws_vpc.Website-deployment.id","aws_vpc.Website-deployment"]}},"schema_version":1},{"address":"aws_security_group_rule.Website-deployment-AppServer-inbound-allICMP","mode":"managed","type":"aws_security_group_rule","name":"Website-deployment-AppServer-inbound-allICMP","provider_config_key":"aws","expressions":{"from_port":{"constant_value":-1},"protocol":{"constant_value":"icmp"},"security_group_id":{"references":["aws_security_group.Website-deployment-AppServer.id","aws_security_group.Website-deployment-AppServer"]},"source_security_group_id":{"references":["aws_security_group.Website-deployment-WebServer.id","aws_security_group.Website-deployment-WebServer"]},"to_port":{"constant_value":-1},"type":{"constant_value":"ingress"}},"schema_version":2},{"address":"aws_security_group_rule.Website-deployment-AppServer-inbound-http","mode":"managed","type":"aws_security_group_rule","name":"Website-deployment-AppServer-inbound-http","provider_config_key":"aws","expressions":{"from_port":{"constant_value":80},"protocol":{"constant_value":"tcp"},"security_group_id":{"references":["aws_security_group.Website-deployment-AppServer.id","aws_security_group.Website-deployment-AppServer"]},"source_security_group_id":{"references":["aws_security_group.Website-deployment-WebServer.id","aws_security_group.Website-deployment-WebServer"]},"to_port":{"constant_value":80},"type":{"constant_value":"ingress"}},"schema_version":2},{"address":"aws_security_group_rule.Website-deployment-AppServer-inbound-https","mode":"managed","type":"aws_security_group_rule","name":"Website-deployment-AppServer-inbound-https","provider_config_key":"aws","expressions":{"from_port":{"constant_value":443},"protocol":{"constant_value":"tcp"},"security_group_id":{"references":["aws_security_group.Website-deployment-AppServer.id","aws_security_group.Website-deployment-AppServer"]},"source_security_group_id":{"references":["aws_security_group.Website-deployment-WebServer.id","aws_security_group.Website-deployment-WebServer"]},"to_port":{"constant_value":443},"type":{"constant_value":"ingress"}},"schema_version":2},{"address":"aws_security_group_rule.Website-deployment-AppServer-inbound-ssh","mode":"managed","type":"aws_security_group_rule","name":"Website-deployment-AppServer-inbound-ssh","provider_config_key":"aws","expressions":{"from_port":{"constant_value":22},"protocol":{"constant_value":"tcp"},"security_group_id":{"references":["aws_security_group.Website-deployment-AppServer.id","aws_security_group.Website-deployment-AppServer"]},"source_security_group_id":{"references":["aws_security_group.Website-deployment-WebServer.id","aws_security_group.Website-deployment-WebServer"]},"to_port":{"constant_value":22},"type":{"constant_value":"ingress"}},"schema_version":2},{"address":"aws_security_group_rule.Website-deployment-AppServer-outbound","mode":"managed","type":"aws_security_group_rule","name":"Website-deployment-AppServer-outbound","provider_config_key":"aws","expressions":{"cidr_blocks":{"constant_value":["0.0.0.0/0"]},"from_port":{"constant_value":0},"protocol":{"constant_value":"-1"},"security_group_id":{"references":["aws_security_group.Website-deployment-AppServer.id","aws_security_group.Website-deployment-AppServer"]},"to_port":{"constant_value":0},"type":{"constant_value":"egress"}},"schema_version":2},{"address":"aws_security_group_rule.Website-deployment-RDS-inbound-mysql","mode":"managed","type":"aws_security_group_rule","name":"Website-deployment-RDS-inbound-mysql","provider_config_key":"aws","expressions":{"from_port":{"constant_value":3306},"protocol":{"constant_value":"tcp"},"security_group_id":{"references":["aws_security_group.Website-deployment-RDS.id","aws_security_group.Website-deployment-RDS"]},"source_security_group_id":{"references":["aws_security_group.Website-deployment-AppServer.id","aws_security_group.Website-deployment-AppServer"]},"to_port":{"constant_value":3306},"type":{"constant_value":"ingress"}},"schema_version":2},{"address":"aws_security_group_rule.Website-deployment-WebServer-inbound-http","mode":"managed","type":"aws_security_group_rule","name":"Website-deployment-WebServer-inbound-http","provider_config_key":"aws","expressions":{"from_port":{"constant_value":80},"protocol":{"constant_value":"tcp"},"security_group_id":{"references":["aws_security_group.Website-deployment-WebServer.id","aws_security_group.Website-deployment-WebServer"]},"source_security_group_id":{"references":["aws_security_group.Website_deployment_LB.id","aws_security_group.Website_deployment_LB"]},"to_port":{"constant_value":80},"type":{"constant_value":"ingress"}},"schema_version":2},{"address":"aws_security_group_rule.Website-deployment-WebServer-inbound-https","mode":"managed","type":"aws_security_group_rule","name":"Website-deployment-WebServer-inbound-https","provider_config_key":"aws","expressions":{"from_port":{"constant_value":443},"protocol":{"constant_value":"tcp"},"security_group_id":{"references":["aws_security_group.Website-deployment-WebServer.id","aws_security_group.Website-deployment-WebServer"]},"source_security_group_id":{"references":["aws_security_group.Website_deployment_LB.id","aws_security_group.Website_deployment_LB"]},"to_port":{"constant_value":443},"type":{"constant_value":"ingress"}},"schema_version":2},{"address":"aws_security_group_rule.Website-deployment-WebServer-inbound-ssh","mode":"managed","type":"aws_security_group_rule","name":"Website-deployment-WebServer-inbound-ssh","provider_config_key":"aws","expressions":{"from_port":{"constant_value":22},"protocol":{"constant_value":"tcp"},"security_group_id":{"references":["aws_security_group.Website-deployment-WebServer.id","aws_security_group.Website-deployment-WebServer"]},"source_security_group_id":{"references":["aws_security_group.Website_deployment_LB.id","aws_security_group.Website_deployment_LB"]},"to_port":{"constant_value":22},"type":{"constant_value":"ingress"}},"schema_version":2},{"address":"aws_security_group_rule.Website-deployment-WebServer-outbound","mode":"managed","type":"aws_security_group_rule","name":"Website-deployment-WebServer-outbound","provider_config_key":"aws","expressions":{"cidr_blocks":{"constant_value":["0.0.0.0/0"]},"from_port":{"constant_value":0},"protocol":{"constant_value":"-1"},"security_group_id":{"references":["aws_security_group.Website-deployment-WebServer.id","aws_security_group.Website-deployment-WebServer"]},"to_port":{"constant_value":0},"type":{"constant_value":"egress"}},"schema_version":2},{"address":"aws_security_group_rule.Website_deployment_LB_inbound_http","mode":"managed","type":"aws_security_group_rule","name":"Website_deployment_LB_inbound_http","provider_config_key":"aws","expressions":{"cidr_blocks":{"constant_value":["0.0.0.0/0"]},"from_port":{"constant_value":80},"protocol":{"constant_value":"tcp"},"security_group_id":{"references":["aws_security_group.Website_deployment_LB.id","aws_security_group.Website_deployment_LB"]},"to_port":{"constant_value":80},"type":{"constant_value":"ingress"}},"schema_version":2},{"address":"aws_security_group_rule.Website_deployment_LB_inbound_https","mode":"managed","type":"aws_security_group_rule","name":"Website_deployment_LB_inbound_https","provider_config_key":"aws","expressions":{"cidr_blocks":{"constant_value":["0.0.0.0/0"]},"from_port":{"constant_value":443},"protocol":{"constant_value":"tcp"},"security_group_id":{"references":["aws_security_group.Website_deployment_LB.id","aws_security_group.Website_deployment_LB"]},"to_port":{"constant_value":443},"type":{"constant_value":"ingress"}},"schema_version":2},{"address":"aws_security_group_rule.Website_deployment_LB_inbound_ssh","mode":"managed","type":"aws_security_group_rule","name":"Website_deployment_LB_inbound_ssh","provider_config_key":"aws","expressions":{"cidr_blocks":{"constant_value":["0.0.0.0/0"]},"from_port":{"constant_value":22},"protocol":{"constant_value":"tcp"},"security_group_id":{"references":["aws_security_group.Website_deployment_LB.id","aws_security_group.Website_deployment_LB"]},"to_port":{"constant_value":22},"type":{"constant_value":"ingress"}},"schema_version":2},{"address":"aws_security_group_rule.Website_deployment_LB_outound","mode":"managed","type":"aws_security_group_rule","name":"Website_deployment_LB_outound","provider_config_key":"aws","expressions":{"cidr_blocks":{"constant_value":["0.0.0.0/0"]},"from_port":{"constant_value":0},"protocol":{"constant_value":"-1"},"security_group_id":{"references":["aws_security_group.Website_deployment_LB.id","aws_security_group.Website_deployment_LB"]},"to_port":{"constant_value":0},"type":{"constant_value":"egress"}},"schema_version":2},{"address":"aws_subnet.Website-deployment-private","mode":"managed","type":"aws_subnet","name":"Website-deployment-private","provider_config_key":"aws","expressions":{"availability_zone":{"references":["var.availability_zones","count.index"]},"cidr_block":{"references":["local.num_start_private","count.index"]},"tags":{"references":["var.availability_zones","count.index","var.infrastructure_version"]},"vpc_id":{"references":["aws_vpc.Website-deployment.id","aws_vpc.Website-deployment"]}},"schema_version":1,"count_expression":{"references":["local.num_start_private"]}},{"address":"aws_subnet.Website-deployment-public","mode":"managed","type":"aws_subnet","name":"Website-deployment-public","provider_config_key":"aws","expressions":{"availability_zone":{"references":["var.availability_zones","count.index"]},"cidr_block":{"references":["count.index"]},"map_public_ip_on_launch":{"constant_value":true},"tags":{"references":["var.availability_zones","count.index","var.infrastructure_version"]},"vpc_id":{"references":["aws_vpc.Website-deployment.id","aws_vpc.Website-deployment"]}},"schema_version":1,"count_expression":{"references":["var.Subnet_count"]}},{"address":"aws_vpc.Website-deployment","mode":"managed","type":"aws_vpc","name":"Website-deployment","provider_config_key":"aws","expressions":{"cidr_block":{"constant_value":"10.0.0.0/16"},"enable_dns_hostnames":{"constant_value":true},"enable_dns_support":{"constant_value":true},"instance_tenancy":{"constant_value":"default"},"tags":{"references":["var.infrastructure_version"]}},"schema_version":1},{"address":"data.aws_ami.amzlinux","mode":"data","type":"aws_ami","name":"amzlinux","provider_config_key":"aws","expressions":{"filter":[{"name":{"constant_value":"name"},"values":{"constant_value":["amzn2-ami-hvm-*-gp2"]}},{"name":{"constant_value":"root-device-type"},"values":{"constant_value":["ebs"]}},{"name":{"constant_value":"virtualization-type"},"values":{"constant_value":["hvm"]}},{"name":{"constant_value":"architecture"},"values":{"constant_value":["x86_64"]}}],"most_recent":{"constant_value":true},"owners":{"constant_value":["amazon"]}},"schema_version":0}],"variables":{"App_instance_count":{"default":2,"description":"Number of instances in green environment"},"Instance_count_per_subnet":{"default":1,"description":"Number of subnets in infrastructure"},"Subnet_count":{"default":2,"description":"Number of subnets in infrastructure"},"availability_zones":{"default":["us-east-1a","us-east-1b","us-east-1c","us-east-1d"],"description":"List of desired availability zones"},"aws_region":{"default":"us-east-1","description":"Region in which AWS resources to be created"},"infrastructure_version":{"default":"1"},"instance_type":{"default":"t2.micro","description":"EC2 Instance Type"},"profile":{"default":"default","description":"AWS Credentials Profile configured on your local desktop terminal  $HOME/.aws/credentials"}}}},"relevant_attributes":[{"resource":"data.aws_ami.amzlinux","attribute":["id"]},{"resource":"aws_autoscaling_group.asg_web_inst","attribute":["id"]},{"resource":"aws_autoscaling_group.asg_web_inst","attribute":["name"]},{"resource":"aws_security_group.Website_deployment_LB","attribute":["id"]},{"resource":"aws_internet_gateway.Website-deployment","attribute":["id"]},{"resource":"aws_route_table.Website-deployment-main","attribute":["id"]},{"resource":"aws_lb.LB_Web_App","attribute":["arn"]},{"resource":"aws_security_group.Website-deployment-WebServer","attribute":["id"]},{"resource":"aws_route_table.NATgw","attribute":["id"]},{"resource":"aws_autoscaling_policy.asp_scale_out_web_inst","attribute":["arn"]},{"resource":"aws_security_group.Website-deployment-RDS","attribute":["id"]},{"resource":"aws_lb_target_group.Lb_target_group","attribute":["arn"]},{"resource":"aws_autoscaling_policy.asp_scale_in_web_inst","attribute":["arn"]},{"resource":"aws_nat_gateway.NATgw","attribute":["id"]},{"resource":"aws_launch_configuration.lc_asg_web","attribute":["name"]},{"resource":"aws_subnet.Website-deployment-private","attribute":[]},{"resource":"aws_vpc.Website-deployment","attribute":["id"]},{"resource":"aws_security_group.Website-deployment-AppServer","attribute":["id"]},{"resource":"aws_eip.elasticIP","attribute":["id"]},{"resource":"aws_subnet.Website-deployment-public","attribute":[]}]}
